{
    "_readme": [
        "This file locks the dependencies of your project to a known state",
        "Read more about it at http://getcomposer.org/doc/01-basic-usage.md#composer-lock-the-lock-file"
    ],
    "hash": "7920c0919c4d88b292aaf9f84876f086",
    "packages": [
        {
            "name": "scottymeuk/pushover",
            "version": "dev-master",
            "source": {
                "type": "git",
                "url": "https://github.com/scottrobertson/pushover.git",
                "reference": "c7eeae1d50ef93b85c6bb6edb99e4b0dd5251e00"
            },
            "dist": {
                "type": "zip",
                "url": "https://api.github.com/repos/scottrobertson/pushover/zipball/c7eeae1d50ef93b85c6bb6edb99e4b0dd5251e00",
                "reference": "c7eeae1d50ef93b85c6bb6edb99e4b0dd5251e00",
                "shasum": ""
            },
            "require": {
                "ext-curl": "*",
                "php": ">=5.3.3"
            },
            "type": "library",
            "autoload": {
                "psr-0": {
                    "": [
                        "src",
                        "tests"
                    ]
                }
            },
            "notification-url": "https://packagist.org/downloads/",
            "license": [
                "MIT"
            ],
            "authors": [
                {
                    "name": "Scott Robertson",
                    "email": "scottymeuk@gmail.com",
                    "homepage": "http://scottrobertson.me",
                    "role": "Developer"
                }
            ],
            "description": "Simple pushover.net library",
            "homepage": "http://github.com/scottymeuk/pushover",
            "keywords": [
                "push notifications",
                "pushover"
            ],
            "time": "2013-08-30 06:10:28"
        }
    ],
    "packages-dev": [

    ],
    "aliases": [

    ],
    "minimum-stability": "stable",
    "stability-flags": {
        "scottymeuk/pushover": 20
    },
    "platform": {
        "php": ">=5.3.3"
    },
    "platform-dev": [

    ]
}
